
Microsoft Visual Studio Solution File, Format Version 12.00
# Visual Studio Version 16
VisualStudioVersion = 16.0.29025.244
MinimumVisualStudioVersion = 10.0.40219.1
Project("{FAE04EC0-301F-11D3-BF4B-00C04F79EFBC}") = "TopsyTurvyCakes", "TopsyTurvyCakes\TopsyTurvyCakes.csproj", "{74957C9F-4878-4EC1-8D5D-A385460CCAE8}"
EndProject
Global
	GlobalSection(SolutionConfigurationPlatforms) = preSolution
		Debug|Any CPU = Debug|Any CPU
		Release|Any CPU = Release|Any CPU
	EndGlobalSection
	GlobalSection(ProjectConfigurationPlatforms) = postSolution
		{74957C9F-4878-4EC1-8D5D-A385460CCAE8}.Debug|Any CPU.ActiveCfg = Debug|Any CPU
		{74957C9F-4878-4EC1-8D5D-A385460CCAE8}.Debug|Any CPU.Build.0 = Debug|Any CPU
		{74957C9F-4878-4EC1-8D5D-A385460CCAE8}.Release|Any CPU.ActiveCfg = Release|Any CPU
		{74957C9F-4878-4EC1-8D5D-A385460CCAE8}.Release|Any CPU.Build.0 = Release|Any CPU
	EndGlobalSection
	GlobalSection(SolutionProperties) = preSolution
		HideSolutionNode = FALSE
	EndGlobalSection
	GlobalSection(ExtensibilityGlobals) = postSolution
		SolutionGuid = {8F2A20FD-66DC-45B8-AF52-11E1BBCDCD48}
	EndGlobalSection
EndGlobal
